{
  "name": "res-pareto-resolve",
  "lockfileVersion": 2,
  "requires": true,
  "packages": {
    "": {
      "name": "res-pareto-resolve",
      "license": "TBD",
      "dependencies": {
        "pareto-core-internals": "^0.19.0",
        "res-pareto-collation": "^0.38.0"
      }
    },
    "node_modules/glo-pareto-common": {
      "version": "0.32.0",
      "resolved": "https://registry.npmjs.org/glo-pareto-common/-/glo-pareto-common-0.32.0.tgz",
      "integrity": "sha512-Z/BMXnwlp9yoKBiFR+KP3O00mzz5LVFhP3gva8yjs37G2kJWKjoYT4IlI31aF83zKdX2TS8+UwHJEj8tHCaMmg==",
      "dependencies": {
        "pareto-core-types": "^0.15.1"
      }
    },
    "node_modules/pareto-core-internals": {
      "version": "0.19.0",
      "resolved": "https://registry.npmjs.org/pareto-core-internals/-/pareto-core-internals-0.19.0.tgz",
      "integrity": "sha512-ZHqiqxREUOMEn5gJWOr1e8L6ua+VR+6gVtErIxB8rb8WfXKsg4Bqg9/bp+7iT/C8gdcCnt1gLUV05ucV2LFK8A==",
      "dependencies": {
        "pareto-core-types": "^0.15.0"
      }
    },
    "node_modules/pareto-core-types": {
      "version": "0.15.1",
      "resolved": "https://registry.npmjs.org/pareto-core-types/-/pareto-core-types-0.15.1.tgz",
      "integrity": "sha512-T0cu2sEXolEC/hevsCZHlLHl2zLRMl0P4SUvZHrPE5c7gtfvoFA54vsXdALEMUdiyZAmEzr10sjulCOyZ/AMUA=="
    },
    "node_modules/res-pareto-collation": {
      "version": "0.38.0",
      "resolved": "https://registry.npmjs.org/res-pareto-collation/-/res-pareto-collation-0.38.0.tgz",
      "integrity": "sha512-7apUZJihjxquSlDywjg83HJv+fhjfqr1Uyu/2f0pX9Vx3ukic1TVmHiy1adIXEA1KuXt7pDHWB52JhkG1I5d5g==",
      "dependencies": {
        "glo-pareto-common": "^0.32.0",
        "pareto-core-internals": "^0.19.0"
      }
    }
  },
  "dependencies": {
    "glo-pareto-common": {
      "version": "0.32.0",
      "resolved": "https://registry.npmjs.org/glo-pareto-common/-/glo-pareto-common-0.32.0.tgz",
      "integrity": "sha512-Z/BMXnwlp9yoKBiFR+KP3O00mzz5LVFhP3gva8yjs37G2kJWKjoYT4IlI31aF83zKdX2TS8+UwHJEj8tHCaMmg==",
      "requires": {
        "pareto-core-types": "^0.15.1"
      }
    },
    "pareto-core-internals": {
      "version": "0.19.0",
      "resolved": "https://registry.npmjs.org/pareto-core-internals/-/pareto-core-internals-0.19.0.tgz",
      "integrity": "sha512-ZHqiqxREUOMEn5gJWOr1e8L6ua+VR+6gVtErIxB8rb8WfXKsg4Bqg9/bp+7iT/C8gdcCnt1gLUV05ucV2LFK8A==",
      "requires": {
        "pareto-core-types": "^0.15.0"
      }
    },
    "pareto-core-types": {
      "version": "0.15.1",
      "resolved": "https://registry.npmjs.org/pareto-core-types/-/pareto-core-types-0.15.1.tgz",
      "integrity": "sha512-T0cu2sEXolEC/hevsCZHlLHl2zLRMl0P4SUvZHrPE5c7gtfvoFA54vsXdALEMUdiyZAmEzr10sjulCOyZ/AMUA=="
    },
    "res-pareto-collation": {
      "version": "0.38.0",
      "resolved": "https://registry.npmjs.org/res-pareto-collation/-/res-pareto-collation-0.38.0.tgz",
      "integrity": "sha512-7apUZJihjxquSlDywjg83HJv+fhjfqr1Uyu/2f0pX9Vx3ukic1TVmHiy1adIXEA1KuXt7pDHWB52JhkG1I5d5g==",
      "requires": {
        "glo-pareto-common": "^0.32.0",
        "pareto-core-internals": "^0.19.0"
      }
    }
  }
}
